
Microsoft Visual Studio Solution File, Format Version 12.00
# Visual Studio Version 16
VisualStudioVersion = 16.0.29424.173
MinimumVisualStudioVersion = 10.0.40219.1
Project("{FAE04EC0-301F-11D3-BF4B-00C04F79EFBC}") = "lab6", "lab6.csproj", "{AD17D38D-31AF-4C3B-99A8-7D30027B0BC4}"
EndProject
Global
	GlobalSection(SolutionConfigurationPlatforms) = preSolution
		Debug|Any CPU = Debug|Any CPU
		Release|Any CPU = Release|Any CPU
	EndGlobalSection
	GlobalSection(ProjectConfigurationPlatforms) = postSolution
		{AD17D38D-31AF-4C3B-99A8-7D30027B0BC4}.Debug|Any CPU.ActiveCfg = Debug|Any CPU
		{AD17D38D-31AF-4C3B-99A8-7D30027B0BC4}.Debug|Any CPU.Build.0 = Debug|Any CPU
		{AD17D38D-31AF-4C3B-99A8-7D30027B0BC4}.Release|Any CPU.ActiveCfg = Release|Any CPU
		{AD17D38D-31AF-4C3B-99A8-7D30027B0BC4}.Release|Any CPU.Build.0 = Release|Any CPU
	EndGlobalSection
	GlobalSection(SolutionProperties) = preSolution
		HideSolutionNode = FALSE
	EndGlobalSection
	GlobalSection(ExtensibilityGlobals) = postSolution
		SolutionGuid = {E0EA98B7-9BA2-43EE-8552-4B92BF008BD0}
	EndGlobalSection
EndGlobal
